// !$*UTF8*$!
{
	archiveVersion = 1;
	classes = {
	};
	objectVersion = 77;
	objects = {

/* Begin PBXBuildFile section */
		DC0453B6305F02C00040318B /* ShareExtension.appex in Embed Foundation Extensions */ = {isa = PBXBuildFile; fileRef = DC0453AC305F02C00040318B /* ShareExtension.appex */; settings = {ATTRIBUTES = (RemoveHeadersOnCopy, ); }; };
/* End PBXBuildFile section */

/* Begin PBXContainerItemProxy section */
		DC04537C305EFCEE0040318B /* PBXContainerItemProxy */ = {
			isa = PBXContainerItemProxy;
			containerPortal = DC045366305EFCEC0040318B /* Project object */;
			proxyType = 1;
			remoteGlobalIDString = DC04536D305EFCEC0040318B;
			remoteInfo = ScreenTranslator;
		};
		DC045386305EFCEE0040318B /* PBXContainerItemProxy */ = {
			isa = PBXContainerItemProxy;
			containerPortal = DC045366305EFCEC0040318B /* Project object */;
			proxyType = 1;
			remoteGlobalIDString = DC04536D305EFCEC0040318B;
			remoteInfo = ScreenTranslator;
		};
		DC0453B4305F02C00040318B /* PBXContainerItemProxy */ = {
			isa = PBXContainerItemProxy;
			containerPortal = DC045366305EFCEC0040318B /* Project object */;
			proxyType = 1;
			remoteGlobalIDString = DC0453AB305F02C00040318B;
			remoteInfo = ShareExtension;
		};
/* End PBXContainerItemProxy section */

/* Begin PBXCopyFilesBuildPhase section */
		DC0453BB305F02C00040318B /* Embed Foundation Extensions */ = {
			isa = PBXCopyFilesBuildPhase;
			buildActionMask = 2147483647;
			dstPath = "";
			dstSubfolderSpec = 13;
			files = (
				DC0453B6305F02C00040318B /* ShareExtension.appex in Embed Foundation Extensions */,
			);
			name = "Embed Foundation Extensions";
			runOnlyForDeploymentPostprocessing = 0;
		};
/* End PBXCopyFilesBuildPhase section */

/* Begin PBXFileReference section */
		DC04536E305EFCEC0040318B /* ScreenTranslator.app */ = {isa = PBXFileReference; explicitFileType = wrapper.application; includeInIndex = 0; path = ScreenTranslator.app; sourceTree = BUILT_PRODUCTS_DIR; };
		DC04537B305EFCEE0040318B /* ScreenTranslatorTests.xctest */ = {isa = PBXFileReference; explicitFileType = wrapper.cfbundle; includeInIndex = 0; path = ScreenTranslatorTests.xctest; sourceTree = BUILT_PRODUCTS_DIR; };
		DC045385305EFCEE0040318B /* ScreenTranslatorUITests.xctest */ = {isa = PBXFileReference; explicitFileType = wrapper.cfbundle; includeInIndex = 0; path = ScreenTranslatorUITests.xctest; sourceTree = BUILT_PRODUCTS_DIR; };
		DC0453AC305F02C00040318B /* ShareExtension.appex */ = {isa = PBXFileReference; explicitFileType = "wrapper.app-extension"; includeInIndex = 0; path = ShareExtension.appex; sourceTree = BUILT_PRODUCTS_DIR; };
/* End PBXFileReference section */

/* Begin PBXFileSystemSynchronizedBuildFileExceptionSet section */
		DC0453B7305F02C00040318B /* Exceptions for "ShareExtension" folder in "ShareExtension" target */ = {
			isa = PBXFileSystemSynchronizedBuildFileExceptionSet;
			membershipExceptions = (
				Info.plist,
			);
			target = DC0453AB305F02C00040318B /* ShareExtension */;
		};
/* End PBXFileSystemSynchronizedBuildFileExceptionSet section */

/* Begin PBXFileSystemSynchronizedRootGroup section */
		DC045370305EFCEC0040318B /* ScreenTranslator */ = {
			isa = PBXFileSystemSynchronizedRootGroup;
			path = ScreenTranslator;
			sourceTree = "<group>";
		};
		DC04537E305EFCEE0040318B /* ScreenTranslatorTests */ = {
			isa = PBXFileSystemSynchronizedRootGroup;
			path = ScreenTranslatorTests;
			sourceTree = "<group>";
		};
		DC045388305EFCEE0040318B /* ScreenTranslatorUITests */ = {
			isa = PBXFileSystemSynchronizedRootGroup;
			path = ScreenTranslatorUITests;
			sourceTree = "<group>";
		};
		DC0453AD305F02C00040318B /* ShareExtension */ = {
			isa = PBXFileSystemSynchronizedRootGroup;
			exceptions = (
				DC0453B7305F02C00040318B /* Exceptions for "ShareExtension" folder in "ShareExtension" target */,
			);
			path = ShareExtension;
			sourceTree = "<group>";
		};
/* End PBXFileSystemSynchronizedRootGroup section */

/* Begin PBXFrameworksBuildPhase section */
		DC04536B305EFCEC0040318B /* Frameworks */ = {
			isa = PBXFrameworksBuildPhase;
			buildActionMask = 2147483647;
			files = (
			);
			runOnlyForDeploymentPostprocessing = 0;
		};
		DC045378305EFCEE0040318B /* Frameworks */ = {
			isa = PBXFrameworksBuildPhase;
			buildActionMask = 2147483647;
			files = (
			);
			runOnlyForDeploymentPostprocessing = 0;
		};
		DC045382305EFCEE0040318B /* Frameworks */ = {
			isa = PBXFrameworksBuildPhase;
			buildActionMask = 2147483647;
			files = (
			);
			runOnlyForDeploymentPostprocessing = 0;
		};
		DC0453A9305F02C00040318B /* Frameworks */ = {
			isa = PBXFrameworksBuildPhase;
			buildActionMask = 2147483647;
			files = (
			);
			runOnlyForDeploymentPostprocessing = 0;
		};
/* End PBXFrameworksBuildPhase section */

/* Begin PBXGroup section */
		DC045365305EFCEC0040318B = {
			isa = PBXGroup;
			children = (
				DC045370305EFCEC0040318B /* ScreenTranslator */,
				DC04537E305EFCEE0040318B /* ScreenTranslatorTests */,
				DC045388305EFCEE0040318B /* ScreenTranslatorUITests */,
				DC0453AD305F02C00040318B /* ShareExtension */,
				DC04536F305EFCEC0040318B /* Products */,
			);
			sourceTree = "<group>";
		};
		DC04536F305EFCEC0040318B /* Products */ = {
			isa = PBXGroup;
			children = (
				DC04536E305EFCEC0040318B /* ScreenTranslator.app */,
				DC04537B305EFCEE0040318B /* ScreenTranslatorTests.xctest */,
				DC045385305EFCEE0040318B /* ScreenTranslatorUITests.xctest */,
				DC0453AC305F02C00040318B /* ShareExtension.appex */,
			);
			name = Products;
			sourceTree = "<group>";
		};
/* End PBXGroup section */

/* Begin PBXNativeTarget section */
		DC04536D305EFCEC0040318B /* ScreenTranslator */ = {
			isa = PBXNativeTarget;
			buildConfigurationList = DC04538F305EFCEE0040318B /* Build configuration list for PBXNativeTarget "ScreenTranslator" */;
			buildPhases = (
				DC04536A305EFCEC0040318B /* Sources */,
				DC04536B305EFCEC0040318B /* Frameworks */,
				DC04536C305EFCEC0040318B /* Resources */,
				DC0453BB305F02C00040318B /* Embed Foundation Extensions */,
			);
			buildRules = (
			);
			dependencies = (
				DC0453B5305F02C00040318B /* PBXTargetDependency */,
			);
			fileSystemSynchronizedGroups = (
				DC045370305EFCEC0040318B /* ScreenTranslator */,
			);
			name = ScreenTranslator;
			packageProductDependencies = (
			);
			productName = ScreenTranslator;
			productReference = DC04536E305EFCEC0040318B /* ScreenTranslator.app */;
			productType = "com.apple.product-type.application";
		};
		DC04537A305EFCEE0040318B /* ScreenTranslatorTests */ = {
			isa = PBXNativeTarget;
			buildConfigurationList = DC045392305EFCEE0040318B /* Build configuration list for PBXNativeTarget "ScreenTranslatorTests" */;
			buildPhases = (
				DC045377305EFCEE0040318B /* Sources */,
				DC045378305EFCEE0040318B /* Frameworks */,
				DC045379305EFCEE0040318B /* Resources */,
			);
			buildRules = (
			);
			dependencies = (
				DC04537D305EFCEE0040318B /* PBXTargetDependency */,
			);
			fileSystemSynchronizedGroups = (
				DC04537E305EFCEE0040318B /* ScreenTranslatorTests */,
			);
			name = ScreenTranslatorTests;
			packageProductDependencies = (
			);
			productName = ScreenTranslatorTests;
			productReference = DC04537B305EFCEE0040318B /* ScreenTranslatorTests.xctest */;
			productType = "com.apple.product-type.bundle.unit-test";
		};
		DC045384305EFCEE0040318B /* ScreenTranslatorUITests */ = {
			isa = PBXNativeTarget;
			buildConfigurationList = DC045395305EFCEE0040318B /* Build configuration list for PBXNativeTarget "ScreenTranslatorUITests" */;
			buildPhases = (
				DC045381305EFCEE0040318B /* Sources */,
				DC045382305EFCEE0040318B /* Frameworks */,
				DC045383305EFCEE0040318B /* Resources */,
			);
			buildRules = (
			);
			dependencies = (
				DC045387305EFCEE0040318B /* PBXTargetDependency */,
			);
			fileSystemSynchronizedGroups = (
				DC045388305EFCEE0040318B /* ScreenTranslatorUITests */,
			);
			name = ScreenTranslatorUITests;
			packageProductDependencies = (
			);
			productName = ScreenTranslatorUITests;
			productReference = DC045385305EFCEE0040318B /* ScreenTranslatorUITests.xctest */;
			productType = "com.apple.product-type.bundle.ui-testing";
		};
		DC0453AB305F02C00040318B /* ShareExtension */ = {
			isa = PBXNativeTarget;
			buildConfigurationList = DC0453B8305F02C00040318B /* Build configuration list for PBXNativeTarget "ShareExtension" */;
			buildPhases = (
				DC0453A8305F02C00040318B /* Sources */,
				DC0453A9305F02C00040318B /* Frameworks */,
				DC0453AA305F02C00040318B /* Resources */,
			);
			buildRules = (
			);
			dependencies = (
			);
			fileSystemSynchronizedGroups = (
				DC0453AD305F02C00040318B /* ShareExtension */,
			);
			name = ShareExtension;
			packageProductDependencies = (
			);
			productName = ShareExtension;
			productReference = DC0453AC305F02C00040318B /* ShareExtension.appex */;
			productType = "com.apple.product-type.app-extension";
		};
/* End PBXNativeTarget section */

/* Begin PBXProject section */
		DC045366305EFCEC0040318B /* Project object */ = {
			isa = PBXProject;
			attributes = {
				BuildIndependentTargetsInParallel = 1;
				LastSwiftUpdateCheck = 2660;
				LastUpgradeCheck = 2660;
				TargetAttributes = {
					DC04536D305EFCEC0040318B = {
						CreatedOnToolsVersion = 26.6;
					};
					DC04537A305EFCEE0040318B = {
						CreatedOnToolsVersion = 26.6;
						TestTargetID = DC04536D305EFCEC0040318B;
					};
					DC045384305EFCEE0040318B = {
						CreatedOnToolsVersion = 26.6;
						TestTargetID = DC04536D305EFCEC0040318B;
					};
					DC0453AB305F02C00040318B = {
						CreatedOnToolsVersion = 26.6;
					};
				};
			};
			buildConfigurationList = DC045369305EFCEC0040318B /* Build configuration list for PBXProject "ScreenTranslator" */;
			developmentRegion = en;
			hasScannedForEncodings = 0;
			knownRegions = (
				en,
				Base,
			);
			mainGroup = DC045365305EFCEC0040318B;
			minimizedProjectReferenceProxies = 1;
			preferredProjectObjectVersion = 77;
			productRefGroup = DC04536F305EFCEC0040318B /* Products */;
			projectDirPath = "";
			projectRoot = "";
			targets = (
				DC04536D305EFCEC0040318B /* ScreenTranslator */,
				DC04537A305EFCEE0040318B /* ScreenTranslatorTests */,
				DC045384305EFCEE0040318B /* ScreenTranslatorUITests */,
				DC0453AB305F02C00040318B /* ShareExtension */,
			);
		};
/* End PBXProject section */

/* Begin PBXResourcesBuildPhase section */
		DC04536C305EFCEC0040318B /* Resources */ = {
			isa = PBXResourcesBuildPhase;
			buildActionMask = 2147483647;
			files = (
			);
			runOnlyForDeploymentPostprocessing = 0;
		};
		DC045379305EFCEE0040318B /* Resources */ = {
			isa = PBXResourcesBuildPhase;
			buildActionMask = 2147483647;
			files = (
			);
			runOnlyForDeploymentPostprocessing = 0;
		};
		DC045383305EFCEE0040318B /* Resources */ = {
			isa = PBXResourcesBuildPhase;
			buildActionMask = 2147483647;
			files = (
			);
			runOnlyForDeploymentPostprocessing = 0;
		};
		DC0453AA305F02C00040318B /* Resources */ = {
			isa = PBXResourcesBuildPhase;
			buildActionMask = 2147483647;
			files = (
			);
			runOnlyForDeploymentPostprocessing = 0;
		};
/* End PBXResourcesBuildPhase section */

/* Begin PBXSourcesBuildPhase section */
		DC04536A305EFCEC0040318B /* Sources */ = {
			isa = PBXSourcesBuildPhase;
			buildActionMask = 2147483647;
			files = (
			);
			runOnlyForDeploymentPostprocessing = 0;
		};
		DC045377305EFCEE0040318B /* Sources */ = {
			isa = PBXSourcesBuildPhase;
			buildActionMask = 2147483647;
			files = (
			);
			runOnlyForDeploymentPostprocessing = 0;
		};
		DC045381305EFCEE0040318B /* Sources */ = {
			isa = PBXSourcesBuildPhase;
			buildActionMask = 2147483647;
			files = (
			);
			runOnlyForDeploymentPostprocessing = 0;
		};
		DC0453A8305F02C00040318B /* Sources */ = {
			isa = PBXSourcesBuildPhase;
			buildActionMask = 2147483647;
			files = (
			);
			runOnlyForDeploymentPostprocessing = 0;
		};
/* End PBXSourcesBuildPhase section */

/* Begin PBXTargetDependency section */
		DC04537D305EFCEE0040318B /* PBXTargetDependency */ = {
			isa = PBXTargetDependency;
			target = DC04536D305EFCEC0040318B /* ScreenTranslator */;
			targetProxy = DC04537C305EFCEE0040318B /* PBXContainerItemProxy */;
		};
		DC045387305EFCEE0040318B /* PBXTargetDependency */ = {
			isa = PBXTargetDependency;
			target = DC04536D305EFCEC0040318B /* ScreenTranslator */;
			targetProxy = DC045386305EFCEE0040318B /* PBXContainerItemProxy */;
		};
		DC0453B5305F02C00040318B /* PBXTargetDependency */ = {
			isa = PBXTargetDependency;
			target = DC0453AB305F02C00040318B /* ShareExtension */;
			targetProxy = DC0453B4305F02C00040318B /* PBXContainerItemProxy */;
		};
/* End PBXTargetDependency section */

/* Begin XCBuildConfiguration section */
		DC04538D305EFCEE0040318B /* Debug */ = {
			isa = XCBuildConfiguration;
			buildSettings = {
				ALWAYS_SEARCH_USER_PATHS = NO;
				ASSETCATALOG_COMPILER_GENERATE_SWIFT_ASSET_SYMBOL_EXTENSIONS = YES;
				CLANG_ANALYZER_NONNULL = YES;
				CLANG_ANALYZER_NUMBER_OBJECT_CONVERSION = YES_AGGRESSIVE;
				CLANG_CXX_LANGUAGE_STANDARD = "gnu++20";
				CLANG_ENABLE_MODULES = YES;
				CLANG_ENABLE_OBJC_ARC = YES;
				CLANG_ENABLE_OBJC_WEAK = YES;
				CLANG_WARN_BLOCK_CAPTURE_AUTORELEASING = YES;
				CLANG_WARN_BOOL_CONVERSION = YES;
				CLANG_WARN_COMMA = YES;
				CLANG_WARN_CONSTANT_CONVERSION = YES;
				CLANG_WARN_DEPRECATED_OBJC_IMPLEMENTATIONS = YES;
				CLANG_WARN_DIRECT_OBJC_ISA_USAGE = YES_ERROR;
				CLANG_WARN_DOCUMENTATION_COMMENTS = YES;
				CLANG_WARN_EMPTY_BODY = YES;
				CLANG_WARN_ENUM_CONVERSION = YES;
				CLANG_WARN_INFINITE_RECURSION = YES;
				CLANG_WARN_INT_CONVERSION = YES;
				CLANG_WARN_NON_LITERAL_NULL_CONVERSION = YES;
				CLANG_WARN_OBJC_IMPLICIT_RETAIN_SELF = YES;
				CLANG_WARN_OBJC_LITERAL_CONVERSION = YES;
				CLANG_WARN_OBJC_ROOT_CLASS = YES_ERROR;
				CLANG_WARN_QUOTED_INCLUDE_IN_FRAMEWORK_HEADER = YES;
				CLANG_WARN_RANGE_LOOP_ANALYSIS = YES;
				CLANG_WARN_STRICT_PROTOTYPES = YES;
				CLANG_WARN_SUSPICIOUS_MOVE = YES;
				CLANG_WARN_UNGUARDED_AVAILABILITY = YES_AGGRESSIVE;
				CLANG_WARN_UNREACHABLE_CODE = YES;
				CLANG_WARN__DUPLICATE_METHOD_MATCH = YES;
				COPY_PHASE_STRIP = NO;
				DEBUG_INFORMATION_FORMAT = dwarf;
				DEVELOPMENT_TEAM = VWY9S5NL7A;
				ENABLE_STRICT_OBJC_MSGSEND = YES;
				ENABLE_TESTABILITY = YES;
				ENABLE_USER_SCRIPT_SANDBOXING = YES;
				GCC_C_LANGUAGE_STANDARD = gnu17;
				GCC_DYNAMIC_NO_PIC = NO;
				GCC_NO_COMMON_BLOCKS = YES;
				GCC_OPTIMIZATION_LEVEL = 0;
				GCC_PREPROCESSOR_DEFINITIONS = (
					"DEBUG=1",
					"$(inherited)",
				);
				GCC_WARN_64_TO_32_BIT_CONVERSION = YES;
				GCC_WARN_ABOUT_RETURN_TYPE = YES_ERROR;
				GCC_WARN_UNDECLARED_SELECTOR = YES;
				GCC_WARN_UNINITIALIZED_AUTOS = YES_AGGRESSIVE;
				GCC_WARN_UNUSED_FUNCTION = YES;
				GCC_WARN_UNUSED_VARIABLE = YES;
				IPHONEOS_DEPLOYMENT_TARGET = 26.5;
				LOCALIZATION_PREFERS_STRING_CATALOGS = YES;
				MTL_ENABLE_DEBUG_INFO = INCLUDE_SOURCE;
				MTL_FAST_MATH = YES;
				ONLY_ACTIVE_ARCH = YES;
				SDKROOT = iphoneos;
				SWIFT_ACTIVE_COMPILATION_CONDITIONS = "DEBUG $(inherited)";
				SWIFT_OPTIMIZATION_LEVEL = "-Onone";
			};
			name = Debug;
		};
		DC04538E305EFCEE0040318B /* Release */ = {
			isa = XCBuildConfiguration;
			buildSettings = {
				ALWAYS_SEARCH_USER_PATHS = NO;
				ASSETCATALOG_COMPILER_GENERATE_SWIFT_ASSET_SYMBOL_EXTENSIONS = YES;
				CLANG_ANALYZER_NONNULL = YES;
				CLANG_ANALYZER_NUMBER_OBJECT_CONVERSION = YES_AGGRESSIVE;
				CLANG_CXX_LANGUAGE_STANDARD = "gnu++20";
				CLANG_ENABLE_MODULES = YES;
				CLANG_ENABLE_OBJC_ARC = YES;
				CLANG_ENABLE_OBJC_WEAK = YES;
				CLANG_WARN_BLOCK_CAPTURE_AUTORELEASING = YES;
				CLANG_WARN_BOOL_CONVERSION = YES;
				CLANG_WARN_COMMA = YES;
				CLANG_WARN_CONSTANT_CONVERSION = YES;
				CLANG_WARN_DEPRECATED_OBJC_IMPLEMENTATIONS = YES;
				CLANG_WARN_DIRECT_OBJC_ISA_USAGE = YES_ERROR;
				CLANG_WARN_DOCUMENTATION_COMMENTS = YES;
				CLANG_WARN_EMPTY_BODY = YES;
				CLANG_WARN_ENUM_CONVERSION = YES;
				CLANG_WARN_INFINITE_RECURSION = YES;
				CLANG_WARN_INT_CONVERSION = YES;
				CLANG_WARN_NON_LITERAL_NULL_CONVERSION = YES;
				CLANG_WARN_OBJC_IMPLICIT_RETAIN_SELF = YES;
				CLANG_WARN_OBJC_LITERAL_CONVERSION = YES;
				CLANG_WARN_OBJC_ROOT_CLASS = YES_ERROR;
				CLANG_WARN_QUOTED_INCLUDE_IN_FRAMEWORK_HEADER = YES;
				CLANG_WARN_RANGE_LOOP_ANALYSIS = YES;
				CLANG_WARN_STRICT_PROTOTYPES = YES;
				CLANG_WARN_SUSPICIOUS_MOVE = YES;
				CLANG_WARN_UNGUARDED_AVAILABILITY = YES_AGGRESSIVE;
				CLANG_WARN_UNREACHABLE_CODE = YES;
				CLANG_WARN__DUPLICATE_METHOD_MATCH = YES;
				COPY_PHASE_STRIP = NO;
				DEBUG_INFORMATION_FORMAT = "dwarf-with-dsym";
				DEVELOPMENT_TEAM = VWY9S5NL7A;
				ENABLE_NS_ASSERTIONS = NO;
				ENABLE_STRICT_OBJC_MSGSEND = YES;
				ENABLE_USER_SCRIPT_SANDBOXING = YES;
				GCC_C_LANGUAGE_STANDARD = gnu17;
				GCC_NO_COMMON_BLOCKS = YES;
				GCC_WARN_64_TO_32_BIT_CONVERSION = YES;
				GCC_WARN_ABOUT_RETURN_TYPE = YES_ERROR;
				GCC_WARN_UNDECLARED_SELECTOR = YES;
				GCC_WARN_UNINITIALIZED_AUTOS = YES_AGGRESSIVE;
				GCC_WARN_UNUSED_FUNCTION = YES;
				GCC_WARN_UNUSED_VARIABLE = YES;
				IPHONEOS_DEPLOYMENT_TARGET = 26.5;
				LOCALIZATION_PREFERS_STRING_CATALOGS = YES;
				MTL_ENABLE_DEBUG_INFO = NO;
				MTL_FAST_MATH = YES;
				SDKROOT = iphoneos;
				SWIFT_COMPILATION_MODE = wholemodule;
				VALIDATE_PRODUCT = YES;
			};
			name = Release;
		};
		DC045390305EFCEE0040318B /* Debug */ = {
			isa = XCBuildConfiguration;
			buildSettings = {
				ASSETCATALOG_COMPILER_APPICON_NAME = AppIcon;
				ASSETCATALOG_COMPILER_GLOBAL_ACCENT_COLOR_NAME = AccentColor;
				CODE_SIGN_STYLE = Automatic;
				CURRENT_PROJECT_VERSION = 1;
				DEVELOPMENT_TEAM = VWY9S5NL7A;
				ENABLE_PREVIEWS = YES;
				GENERATE_INFOPLIST_FILE = YES;
				INFOPLIST_KEY_NSCameraUsageDescription = "ScreenTranslator uses the camera to translate text you point it at, in real time.";
				INFOPLIST_KEY_NSPhotoLibraryUsageDescription = "ScreenTranslator reads text from photos you select.";
				INFOPLIST_KEY_UIApplicationSceneManifest_Generation = YES;
				INFOPLIST_KEY_UIApplicationSupportsIndirectInputEvents = YES;
				INFOPLIST_KEY_UILaunchScreen_Generation = YES;
				INFOPLIST_KEY_UISupportedInterfaceOrientations_iPad = "UIInterfaceOrientationPortrait UIInterfaceOrientationPortraitUpsideDown UIInterfaceOrientationLandscapeLeft UIInterfaceOrientationLandscapeRight";
				INFOPLIST_KEY_UISupportedInterfaceOrientations_iPhone = "UIInterfaceOrientationPortrait UIInterfaceOrientationLandscapeLeft UIInterfaceOrientationLandscapeRight";
				IPHONEOS_DEPLOYMENT_TARGET = 16.6;
				LD_RUNPATH_SEARCH_PATHS = (
					"$(inherited)",
					"@executable_path/Frameworks",
				);
				MARKETING_VERSION = 1.0;
				PRODUCT_BUNDLE_IDENTIFIER = com.screentranslator.ScreenTranslator;
				PRODUCT_NAME = "$(TARGET_NAME)";
				STRING_CATALOG_GENERATE_SYMBOLS = YES;
				SWIFT_APPROACHABLE_CONCURRENCY = YES;
				SWIFT_DEFAULT_ACTOR_ISOLATION = MainActor;
				SWIFT_EMIT_LOC_STRINGS = YES;
				SWIFT_UPCOMING_FEATURE_MEMBER_IMPORT_VISIBILITY = YES;
				SWIFT_VERSION = 5.0;
				TARGETED_DEVICE_FAMILY = "1,2";
			};
			name = Debug;
		};
		DC045391305EFCEE0040318B /* Release */ = {
			isa = XCBuildConfiguration;
			buildSettings = {
				ASSETCATALOG_COMPILER_APPICON_NAME = AppIcon;
				ASSETCATALOG_COMPILER_GLOBAL_ACCENT_COLOR_NAME = AccentColor;
				CODE_SIGN_STYLE = Automatic;
				CURRENT_PROJECT_VERSION = 1;
				DEVELOPMENT_TEAM = VWY9S5NL7A;
				ENABLE_PREVIEWS = YES;
				GENERATE_INFOPLIST_FILE = YES;
				INFOPLIST_KEY_NSCameraUsageDescription = "ScreenTranslator uses the camera to translate text you point it at, in real time.";
				INFOPLIST_KEY_NSPhotoLibraryUsageDescription = "ScreenTranslator reads text from photos you select.";
				INFOPLIST_KEY_UIApplicationSceneManifest_Generation = YES;
				INFOPLIST_KEY_UIApplicationSupportsIndirectInputEvents = YES;
				INFOPLIST_KEY_UILaunchScreen_Generation = YES;
				INFOPLIST_KEY_UISupportedInterfaceOrientations_iPad = "UIInterfaceOrientationPortrait UIInterfaceOrientationPortraitUpsideDown UIInterfaceOrientationLandscapeLeft UIInterfaceOrientationLandscapeRight";
				INFOPLIST_KEY_UISupportedInterfaceOrientations_iPhone = "UIInterfaceOrientationPortrait UIInterfaceOrientationLandscapeLeft UIInterfaceOrientationLandscapeRight";
				IPHONEOS_DEPLOYMENT_TARGET = 16.6;
				LD_RUNPATH_SEARCH_PATHS = (
					"$(inherited)",
					"@executable_path/Frameworks",
				);
				MARKETING_VERSION = 1.0;
				PRODUCT_BUNDLE_IDENTIFIER = com.screentranslator.ScreenTranslator;
				PRODUCT_NAME = "$(TARGET_NAME)";
				STRING_CATALOG_GENERATE_SYMBOLS = YES;
				SWIFT_APPROACHABLE_CONCURRENCY = YES;
				SWIFT_DEFAULT_ACTOR_ISOLATION = MainActor;
				SWIFT_EMIT_LOC_STRINGS = YES;
				SWIFT_UPCOMING_FEATURE_MEMBER_IMPORT_VISIBILITY = YES;
				SWIFT_VERSION = 5.0;
				TARGETED_DEVICE_FAMILY = "1,2";
			};
			name = Release;
		};
		DC045393305EFCEE0040318B /* Debug */ = {
			isa = XCBuildConfiguration;
			buildSettings = {
				BUNDLE_LOADER = "$(TEST_HOST)";
				CODE_SIGN_STYLE = Automatic;
				CURRENT_PROJECT_VERSION = 1;
				DEVELOPMENT_TEAM = VWY9S5NL7A;
				GENERATE_INFOPLIST_FILE = YES;
				IPHONEOS_DEPLOYMENT_TARGET = 26.5;
				MARKETING_VERSION = 1.0;
				PRODUCT_BUNDLE_IDENTIFIER = com.screentranslator.ScreenTranslatorTests;
				PRODUCT_NAME = "$(TARGET_NAME)";
				STRING_CATALOG_GENERATE_SYMBOLS = NO;
				SWIFT_APPROACHABLE_CONCURRENCY = YES;
				SWIFT_EMIT_LOC_STRINGS = NO;
				SWIFT_UPCOMING_FEATURE_MEMBER_IMPORT_VISIBILITY = YES;
				SWIFT_VERSION = 5.0;
				TARGETED_DEVICE_FAMILY = "1,2";
				TEST_HOST = "$(BUILT_PRODUCTS_DIR)/ScreenTranslator.app/$(BUNDLE_EXECUTABLE_FOLDER_PATH)/ScreenTranslator";
			};
			name = Debug;
		};
		DC045394305EFCEE0040318B /* Release */ = {
			isa = XCBuildConfiguration;
			buildSettings = {
				BUNDLE_LOADER = "$(TEST_HOST)";
				CODE_SIGN_STYLE = Automatic;
				CURRENT_PROJECT_VERSION = 1;
				DEVELOPMENT_TEAM = VWY9S5NL7A;
				GENERATE_INFOPLIST_FILE = YES;
				IPHONEOS_DEPLOYMENT_TARGET = 26.5;
				MARKETING_VERSION = 1.0;
				PRODUCT_BUNDLE_IDENTIFIER = com.screentranslator.ScreenTranslatorTests;
				PRODUCT_NAME = "$(TARGET_NAME)";
				STRING_CATALOG_GENERATE_SYMBOLS = NO;
				SWIFT_APPROACHABLE_CONCURRENCY = YES;
				SWIFT_EMIT_LOC_STRINGS = NO;
				SWIFT_UPCOMING_FEATURE_MEMBER_IMPORT_VISIBILITY = YES;
				SWIFT_VERSION = 5.0;
				TARGETED_DEVICE_FAMILY = "1,2";
				TEST_HOST = "$(BUILT_PRODUCTS_DIR)/ScreenTranslator.app/$(BUNDLE_EXECUTABLE_FOLDER_PATH)/ScreenTranslator";
			};
			name = Release;
		};
		DC045396305EFCEE0040318B /* Debug */ = {
			isa = XCBuildConfiguration;
			buildSettings = {
				CODE_SIGN_STYLE = Automatic;
				CURRENT_PROJECT_VERSION = 1;
				DEVELOPMENT_TEAM = VWY9S5NL7A;
				GENERATE_INFOPLIST_FILE = YES;
				MARKETING_VERSION = 1.0;
				PRODUCT_BUNDLE_IDENTIFIER = com.screentranslator.ScreenTranslatorUITests;
				PRODUCT_NAME = "$(TARGET_NAME)";
				STRING_CATALOG_GENERATE_SYMBOLS = NO;
				SWIFT_APPROACHABLE_CONCURRENCY = YES;
				SWIFT_EMIT_LOC_STRINGS = NO;
				SWIFT_UPCOMING_FEATURE_MEMBER_IMPORT_VISIBILITY = YES;
				SWIFT_VERSION = 5.0;
				TARGETED_DEVICE_FAMILY = "1,2";
				TEST_TARGET_NAME = ScreenTranslator;
			};
			name = Debug;
		};
		DC045397305EFCEE0040318B /* Release */ = {
			isa = XCBuildConfiguration;
			buildSettings = {
				CODE_SIGN_STYLE = Automatic;
				CURRENT_PROJECT_VERSION = 1;
				DEVELOPMENT_TEAM = VWY9S5NL7A;
				GENERATE_INFOPLIST_FILE = YES;
				MARKETING_VERSION = 1.0;
				PRODUCT_BUNDLE_IDENTIFIER = com.screentranslator.ScreenTranslatorUITests;
				PRODUCT_NAME = "$(TARGET_NAME)";
				STRING_CATALOG_GENERATE_SYMBOLS = NO;
				SWIFT_APPROACHABLE_CONCURRENCY = YES;
				SWIFT_EMIT_LOC_STRINGS = NO;
				SWIFT_UPCOMING_FEATURE_MEMBER_IMPORT_VISIBILITY = YES;
				SWIFT_VERSION = 5.0;
				TARGETED_DEVICE_FAMILY = "1,2";
				TEST_TARGET_NAME = ScreenTranslator;
			};
			name = Release;
		};
		DC0453B9305F02C00040318B /* Debug */ = {
			isa = XCBuildConfiguration;
			buildSettings = {
				CODE_SIGN_STYLE = Automatic;
				CURRENT_PROJECT_VERSION = 1;
				DEVELOPMENT_TEAM = VWY9S5NL7A;
				GENERATE_INFOPLIST_FILE = YES;
				INFOPLIST_FILE = ShareExtension/Info.plist;
				INFOPLIST_KEY_CFBundleDisplayName = ShareExtension;
				INFOPLIST_KEY_NSHumanReadableCopyright = "";
				LD_RUNPATH_SEARCH_PATHS = (
					"$(inherited)",
					"@executable_path/Frameworks",
					"@executable_path/../../Frameworks",
				);
				MARKETING_VERSION = 1.0;
				PRODUCT_BUNDLE_IDENTIFIER = com.screentranslator.ScreenTranslator.ShareExtension;
				PRODUCT_NAME = "$(TARGET_NAME)";
				SKIP_INSTALL = YES;
				STRING_CATALOG_GENERATE_SYMBOLS = YES;
				SWIFT_APPROACHABLE_CONCURRENCY = YES;
				SWIFT_EMIT_LOC_STRINGS = YES;
				SWIFT_UPCOMING_FEATURE_MEMBER_IMPORT_VISIBILITY = YES;
				SWIFT_VERSION = 5.0;
				TARGETED_DEVICE_FAMILY = "1,2";
			};
			name = Debug;
		};
		DC0453BA305F02C00040318B /* Release */ = {
			isa = XCBuildConfiguration;
			buildSettings = {
				CODE_SIGN_STYLE = Automatic;
				CURRENT_PROJECT_VERSION = 1;
				DEVELOPMENT_TEAM = VWY9S5NL7A;
				GENERATE_INFOPLIST_FILE = YES;
				INFOPLIST_FILE = ShareExtension/Info.plist;
				INFOPLIST_KEY_CFBundleDisplayName = ShareExtension;
				INFOPLIST_KEY_NSHumanReadableCopyright = "";
				LD_RUNPATH_SEARCH_PATHS = (
					"$(inherited)",
					"@executable_path/Frameworks",
					"@executable_path/../../Frameworks",
				);
				MARKETING_VERSION = 1.0;
				PRODUCT_BUNDLE_IDENTIFIER = com.screentranslator.ScreenTranslator.ShareExtension;
				PRODUCT_NAME = "$(TARGET_NAME)";
				SKIP_INSTALL = YES;
				STRING_CATALOG_GENERATE_SYMBOLS = YES;
				SWIFT_APPROACHABLE_CONCURRENCY = YES;
				SWIFT_EMIT_LOC_STRINGS = YES;
				SWIFT_UPCOMING_FEATURE_MEMBER_IMPORT_VISIBILITY = YES;
				SWIFT_VERSION = 5.0;
				TARGETED_DEVICE_FAMILY = "1,2";
			};
			name = Release;
		};
/* End XCBuildConfiguration section */

/* Begin XCConfigurationList section */
		DC045369305EFCEC0040318B /* Build configuration list for PBXProject "ScreenTranslator" */ = {
			isa = XCConfigurationList;
			buildConfigurations = (
				DC04538D305EFCEE0040318B /* Debug */,
				DC04538E305EFCEE0040318B /* Release */,
			);
			defaultConfigurationIsVisible = 0;
			defaultConfigurationName = Release;
		};
		DC04538F305EFCEE0040318B /* Build configuration list for PBXNativeTarget "ScreenTranslator" */ = {
			isa = XCConfigurationList;
			buildConfigurations = (
				DC045390305EFCEE0040318B /* Debug */,
				DC045391305EFCEE0040318B /* Release */,
			);
			defaultConfigurationIsVisible = 0;
			defaultConfigurationName = Release;
		};
		DC045392305EFCEE0040318B /* Build configuration list for PBXNativeTarget "ScreenTranslatorTests" */ = {
			isa = XCConfigurationList;
			buildConfigurations = (
				DC045393305EFCEE0040318B /* Debug */,
				DC045394305EFCEE0040318B /* Release */,
			);
			defaultConfigurationIsVisible = 0;
			defaultConfigurationName = Release;
		};
		DC045395305EFCEE0040318B /* Build configuration list for PBXNativeTarget "ScreenTranslatorUITests" */ = {
			isa = XCConfigurationList;
			buildConfigurations = (
				DC045396305EFCEE0040318B /* Debug */,
				DC045397305EFCEE0040318B /* Release */,
			);
			defaultConfigurationIsVisible = 0;
			defaultConfigurationName = Release;
		};
		DC0453B8305F02C00040318B /* Build configuration list for PBXNativeTarget "ShareExtension" */ = {
			isa = XCConfigurationList;
			buildConfigurations = (
				DC0453B9305F02C00040318B /* Debug */,
				DC0453BA305F02C00040318B /* Release */,
			);
			defaultConfigurationIsVisible = 0;
			defaultConfigurationName = Release;
		};
/* End XCConfigurationList section */
	};
	rootObject = DC045366305EFCEC0040318B /* Project object */;
}
